<?xml version="1.0" encoding="utf-8"?>
<Project ToolsVersion="4.0" xmlns="http://schemas.microsoft.com/developer/msbuild/2003">
  <ItemGroup>
    <Filter Include="Source Files">
      <UniqueIdentifier>{4FC737F1-C7A5-4376-A066-2A32D752A2FF}</UniqueIdentifier>
      <Extensions>cpp;c;cc;cxx;def;odl;idl;hpj;bat;asm;asmx</Extensions>
    </Filter>
    <Filter Include="Header Files">
      <UniqueIdentifier>{93995380-89BD-4b04-88EB-625FBE52EBFB}</UniqueIdentifier>
      <Extensions>h;hh;hpp;hxx;hm;inl;inc;ipp;xsd</Extensions>
    </Filter>
    <Filter Include="Resource Files">
      <UniqueIdentifier>{67DA6AB6-F800-4c08-8B7A-83BB121AAD01}</UniqueIdentifier>
      <Extensions>rc;ico;cur;bmp;dlg;rc2;rct;bin;rgs;gif;jpg;jpeg;jpe;resx;tiff;tif;png;wav;mfcribbon-ms</Extensions>
    </Filter>
  </ItemGroup>
  <ItemGroup>
    <ClCompile Include="Login.cpp">
      <Filter>Source Files</Filter>
    </ClCompile>
    <ClCompile Include="AdminConsole.cpp">
      <Filter>Source Files</Filter>
    </ClCompile>
    <ClCompile Include="Display.cpp">
      <Filter>Source Files</Filter>
    </ClCompile>
    <ClCompile Include="ManageUsers.cpp">
      <Filter>Source Files</Filter>
    </ClCompile>
    <ClCompile Include="ManageWarehouses.cpp">
      <Filter>Source Files</Filter>
    </ClCompile>
    <ClCompile Include="AddUser.cpp">
      <Filter>Source Files</Filter>
    </ClCompile>
    <ClCompile Include="AddWarehouse.cpp">
      <Filter>Source Files</Filter>
    </ClCompile>
    <ClCompile Include="Order.cpp">
      <Filter>Source Files</Filter>
    </ClCompile>
    <ClCompile Include="Ship.cpp">
      <Filter>Source Files</Filter>
    </ClCompile>
    <ClCompile Include="Source.cpp">
      <Filter>Source Files</Filter>
    </ClCompile>
    <ClCompile Include="Users.cpp">
      <Filter>Source Files</Filter>
    </ClCompile>
    <ClCompile Include="Warehouse.cpp">
      <Filter>Source Files</Filter>
    </ClCompile>
    <ClCompile Include="Plywood.cpp">
      <Filter>Source Files</Filter>
    </ClCompile>
    <ClCompile Include="Dimentional.cpp">
      <Filter>Source Files</Filter>
    </ClCompile>
    <ClCompile Include="Finishing.cpp">
      <Filter>Source Files</Filter>
    </ClCompile>
    <ClCompile Include="Rail.cpp">
      <Filter>Source Files</Filter>
    </ClCompile>
    <ClCompile Include="Wood.cpp">
      <Filter>Source Files</Filter>
    </ClCompile>
  </ItemGroup>
  <ItemGroup>
    <ClInclude Include="Login.h">
      <Filter>Header Files</Filter>
    </ClInclude>
    <ClInclude Include="AdminConsole.h">
      <Filter>Header Files</Filter>
    </ClInclude>
    <ClInclude Include="Display.h">
      <Filter>Header Files</Filter>
    </ClInclude>
    <ClInclude Include="ManageUsers.h">
      <Filter>Header Files</Filter>
    </ClInclude>
    <ClInclude Include="ManageWarehouses.h">
      <Filter>Header Files</Filter>
    </ClInclude>
    <ClInclude Include="AddUser.h">
      <Filter>Header Files</Filter>
    </ClInclude>
    <ClInclude Include="AddWarehouse.h">
      <Filter>Header Files</Filter>
    </ClInclude>
    <ClInclude Include="Order.h">
      <Filter>Header Files</Filter>
    </ClInclude>
    <ClInclude Include="Ship.h">
      <Filter>Header Files</Filter>
    </ClInclude>
    <ClInclude Include="Users.h">
      <Filter>Header Files</Filter>
    </ClInclude>
    <ClInclude Include="Warehouse.h">
      <Filter>Header Files</Filter>
    </ClInclude>
    <ClInclude Include="Dimentional.h">
      <Filter>Header Files</Filter>
    </ClInclude>
    <ClInclude Include="Finishing.h">
      <Filter>Header Files</Filter>
    </ClInclude>
    <ClInclude Include="Plywood.h">
      <Filter>Header Files</Filter>
    </ClInclude>
    <ClInclude Include="Rail.h">
      <Filter>Header Files</Filter>
    </ClInclude>
    <ClInclude Include="Wood.h">
      <Filter>Header Files</Filter>
    </ClInclude>
  </ItemGroup>
  <ItemGroup>
    <None Include="ClassDiagram.cd" />
  </ItemGroup>
  <ItemGroup>
    <Text Include="userList.txt">
      <Filter>Resource Files</Filter>
    </Text>
    <Text Include="WarehouseInventory.txt">
      <Filter>Resource Files</Filter>
    </Text>
    <Text Include="123,street,city1,ON,J4H6F5.txt">
      <Filter>Resource Files</Filter>
    </Text>
    <Text Include="456,street,city2,AB,J4H6F5.txt">
      <Filter>Resource Files</Filter>
    </Text>
    <Text Include="789,street,city3,BC,J4H6F5.txt">
      <Filter>Resource Files</Filter>
    </Text>
  </ItemGroup>
</Project>